
Microsoft Visual Studio Solution File, Format Version 12.00
# Visual Studio 15
VisualStudioVersion = 15.0.27428.2043
MinimumVisualStudioVersion = 10.0.40219.1
Project("{FAE04EC0-301F-11D3-BF4B-00C04F79EFBC}") = "Transportation.Demo.Shared", "..\Shared\Transportation.Demo.Shared.csproj", "{1EB6A7FB-3085-4E3A-A96A-0F8CB8D846BE}"
EndProject
Project("{FAE04EC0-301F-11D3-BF4B-00C04F79EFBC}") = "Transportation.Demo.Devices.Base", "Base\Transportation.Demo.Devices.Base.csproj", "{BE2215AA-C4EB-4B16-ACE4-83D2DB94D19E}"
EndProject
Global
	GlobalSection(SolutionConfigurationPlatforms) = preSolution
		Debug|Any CPU = Debug|Any CPU
		Debug|ARM = Debug|ARM
		Debug|x64 = Debug|x64
		Debug|x86 = Debug|x86
		Release|Any CPU = Release|Any CPU
		Release|ARM = Release|ARM
		Release|x64 = Release|x64
		Release|x86 = Release|x86
	EndGlobalSection
	GlobalSection(ProjectConfigurationPlatforms) = postSolution
		{1EB6A7FB-3085-4E3A-A96A-0F8CB8D846BE}.Debug|Any CPU.ActiveCfg = Debug|Any CPU
		{1EB6A7FB-3085-4E3A-A96A-0F8CB8D846BE}.Debug|Any CPU.Build.0 = Debug|Any CPU
		{1EB6A7FB-3085-4E3A-A96A-0F8CB8D846BE}.Debug|ARM.ActiveCfg = Debug|ARM
		{1EB6A7FB-3085-4E3A-A96A-0F8CB8D846BE}.Debug|ARM.Build.0 = Debug|ARM
		{1EB6A7FB-3085-4E3A-A96A-0F8CB8D846BE}.Debug|x64.ActiveCfg = Debug|x64
		{1EB6A7FB-3085-4E3A-A96A-0F8CB8D846BE}.Debug|x64.Build.0 = Debug|x64
		{1EB6A7FB-3085-4E3A-A96A-0F8CB8D846BE}.Debug|x86.ActiveCfg = Debug|x86
		{1EB6A7FB-3085-4E3A-A96A-0F8CB8D846BE}.Debug|x86.Build.0 = Debug|x86
		{1EB6A7FB-3085-4E3A-A96A-0F8CB8D846BE}.Release|Any CPU.ActiveCfg = Release|Any CPU
		{1EB6A7FB-3085-4E3A-A96A-0F8CB8D846BE}.Release|Any CPU.Build.0 = Release|Any CPU
		{1EB6A7FB-3085-4E3A-A96A-0F8CB8D846BE}.Release|ARM.ActiveCfg = Release|ARM
		{1EB6A7FB-3085-4E3A-A96A-0F8CB8D846BE}.Release|ARM.Build.0 = Release|ARM
		{1EB6A7FB-3085-4E3A-A96A-0F8CB8D846BE}.Release|x64.ActiveCfg = Release|x64
		{1EB6A7FB-3085-4E3A-A96A-0F8CB8D846BE}.Release|x64.Build.0 = Release|x64
		{1EB6A7FB-3085-4E3A-A96A-0F8CB8D846BE}.Release|x86.ActiveCfg = Release|x86
		{1EB6A7FB-3085-4E3A-A96A-0F8CB8D846BE}.Release|x86.Build.0 = Release|x86
		{BE2215AA-C4EB-4B16-ACE4-83D2DB94D19E}.Debug|Any CPU.ActiveCfg = Debug|x86
		{BE2215AA-C4EB-4B16-ACE4-83D2DB94D19E}.Debug|ARM.ActiveCfg = Debug|ARM
		{BE2215AA-C4EB-4B16-ACE4-83D2DB94D19E}.Debug|ARM.Build.0 = Debug|ARM
		{BE2215AA-C4EB-4B16-ACE4-83D2DB94D19E}.Debug|ARM.Deploy.0 = Debug|ARM
		{BE2215AA-C4EB-4B16-ACE4-83D2DB94D19E}.Debug|x64.ActiveCfg = Debug|x64
		{BE2215AA-C4EB-4B16-ACE4-83D2DB94D19E}.Debug|x64.Build.0 = Debug|x64
		{BE2215AA-C4EB-4B16-ACE4-83D2DB94D19E}.Debug|x64.Deploy.0 = Debug|x64
		{BE2215AA-C4EB-4B16-ACE4-83D2DB94D19E}.Debug|x86.ActiveCfg = Debug|x86
		{BE2215AA-C4EB-4B16-ACE4-83D2DB94D19E}.Debug|x86.Build.0 = Debug|x86
		{BE2215AA-C4EB-4B16-ACE4-83D2DB94D19E}.Debug|x86.Deploy.0 = Debug|x86
		{BE2215AA-C4EB-4B16-ACE4-83D2DB94D19E}.Release|Any CPU.ActiveCfg = Release|x86
		{BE2215AA-C4EB-4B16-ACE4-83D2DB94D19E}.Release|ARM.ActiveCfg = Release|ARM
		{BE2215AA-C4EB-4B16-ACE4-83D2DB94D19E}.Release|ARM.Build.0 = Release|ARM
		{BE2215AA-C4EB-4B16-ACE4-83D2DB94D19E}.Release|ARM.Deploy.0 = Release|ARM
		{BE2215AA-C4EB-4B16-ACE4-83D2DB94D19E}.Release|x64.ActiveCfg = Release|x64
		{BE2215AA-C4EB-4B16-ACE4-83D2DB94D19E}.Release|x64.Build.0 = Release|x64
		{BE2215AA-C4EB-4B16-ACE4-83D2DB94D19E}.Release|x64.Deploy.0 = Release|x64
		{BE2215AA-C4EB-4B16-ACE4-83D2DB94D19E}.Release|x86.ActiveCfg = Release|x86
		{BE2215AA-C4EB-4B16-ACE4-83D2DB94D19E}.Release|x86.Build.0 = Release|x86
		{BE2215AA-C4EB-4B16-ACE4-83D2DB94D19E}.Release|x86.Deploy.0 = Release|x86
	EndGlobalSection
	GlobalSection(SolutionProperties) = preSolution
		HideSolutionNode = FALSE
	EndGlobalSection
	GlobalSection(ExtensibilityGlobals) = postSolution
		SolutionGuid = {7A290AF1-9CEA-48AE-B784-4E598AE5F7D2}
	EndGlobalSection
EndGlobal
