
Microsoft Visual Studio Solution File, Format Version 12.00
# Visual Studio 15
VisualStudioVersion = 15.0.27428.2043
MinimumVisualStudioVersion = 10.0.40219.1
Project("{9A19103F-16F7-4668-BE54-9A1E7A4F7556}") = "Transportation.Demo.Shared", "..\Shared\Transportation.Demo.Shared.csproj", "{1EB6A7FB-3085-4E3A-A96A-0F8CB8D846BE}"
EndProject
Project("{9A19103F-16F7-4668-BE54-9A1E7A4F7556}") = "Transportation.Demo.Devices.Kiosk", "Kiosk\Transportation.Demo.Devices.Kiosk.csproj", "{04FC0CDA-7FEF-45C1-AAB3-947F9F561BFC}"
EndProject
Project("{9A19103F-16F7-4668-BE54-9A1E7A4F7556}") = "Transportation.Demo.Devices.Base", "Base\Transportation.Demo.Devices.Base.csproj", "{5590B2EF-D35C-47F5-B37C-610B5B07F6A7}"
EndProject
Project("{FAE04EC0-301F-11D3-BF4B-00C04F79EFBC}") = "Transportation.Demo.Devices.GateReader", "Transportation.Demo.Devices.GateReader\Transportation.Demo.Devices.GateReader.csproj", "{14A70266-40A2-4C57-91D8-08A57B664E4B}"
EndProject
Global
	GlobalSection(SolutionConfigurationPlatforms) = preSolution
		Debug|Any CPU = Debug|Any CPU
		Debug|ARM = Debug|ARM
		Debug|x64 = Debug|x64
		Debug|x86 = Debug|x86
		Release|Any CPU = Release|Any CPU
		Release|ARM = Release|ARM
		Release|x64 = Release|x64
		Release|x86 = Release|x86
	EndGlobalSection
	GlobalSection(ProjectConfigurationPlatforms) = postSolution
		{1EB6A7FB-3085-4E3A-A96A-0F8CB8D846BE}.Debug|Any CPU.ActiveCfg = Debug|Any CPU
		{1EB6A7FB-3085-4E3A-A96A-0F8CB8D846BE}.Debug|Any CPU.Build.0 = Debug|Any CPU
		{1EB6A7FB-3085-4E3A-A96A-0F8CB8D846BE}.Debug|ARM.ActiveCfg = Debug|Any CPU
		{1EB6A7FB-3085-4E3A-A96A-0F8CB8D846BE}.Debug|ARM.Build.0 = Debug|Any CPU
		{1EB6A7FB-3085-4E3A-A96A-0F8CB8D846BE}.Debug|x64.ActiveCfg = Debug|Any CPU
		{1EB6A7FB-3085-4E3A-A96A-0F8CB8D846BE}.Debug|x64.Build.0 = Debug|Any CPU
		{1EB6A7FB-3085-4E3A-A96A-0F8CB8D846BE}.Debug|x86.ActiveCfg = Debug|Any CPU
		{1EB6A7FB-3085-4E3A-A96A-0F8CB8D846BE}.Debug|x86.Build.0 = Debug|Any CPU
		{1EB6A7FB-3085-4E3A-A96A-0F8CB8D846BE}.Release|Any CPU.ActiveCfg = Release|Any CPU
		{1EB6A7FB-3085-4E3A-A96A-0F8CB8D846BE}.Release|Any CPU.Build.0 = Release|Any CPU
		{1EB6A7FB-3085-4E3A-A96A-0F8CB8D846BE}.Release|ARM.ActiveCfg = Release|Any CPU
		{1EB6A7FB-3085-4E3A-A96A-0F8CB8D846BE}.Release|ARM.Build.0 = Release|Any CPU
		{1EB6A7FB-3085-4E3A-A96A-0F8CB8D846BE}.Release|x64.ActiveCfg = Release|Any CPU
		{1EB6A7FB-3085-4E3A-A96A-0F8CB8D846BE}.Release|x64.Build.0 = Release|Any CPU
		{1EB6A7FB-3085-4E3A-A96A-0F8CB8D846BE}.Release|x86.ActiveCfg = Release|Any CPU
		{1EB6A7FB-3085-4E3A-A96A-0F8CB8D846BE}.Release|x86.Build.0 = Release|Any CPU
		{04FC0CDA-7FEF-45C1-AAB3-947F9F561BFC}.Debug|Any CPU.ActiveCfg = Debug|Any CPU
		{04FC0CDA-7FEF-45C1-AAB3-947F9F561BFC}.Debug|Any CPU.Build.0 = Debug|Any CPU
		{04FC0CDA-7FEF-45C1-AAB3-947F9F561BFC}.Debug|ARM.ActiveCfg = Debug|Any CPU
		{04FC0CDA-7FEF-45C1-AAB3-947F9F561BFC}.Debug|ARM.Build.0 = Debug|Any CPU
		{04FC0CDA-7FEF-45C1-AAB3-947F9F561BFC}.Debug|x64.ActiveCfg = Debug|Any CPU
		{04FC0CDA-7FEF-45C1-AAB3-947F9F561BFC}.Debug|x64.Build.0 = Debug|Any CPU
		{04FC0CDA-7FEF-45C1-AAB3-947F9F561BFC}.Debug|x86.ActiveCfg = Debug|Any CPU
		{04FC0CDA-7FEF-45C1-AAB3-947F9F561BFC}.Debug|x86.Build.0 = Debug|Any CPU
		{04FC0CDA-7FEF-45C1-AAB3-947F9F561BFC}.Release|Any CPU.ActiveCfg = Release|Any CPU
		{04FC0CDA-7FEF-45C1-AAB3-947F9F561BFC}.Release|Any CPU.Build.0 = Release|Any CPU
		{04FC0CDA-7FEF-45C1-AAB3-947F9F561BFC}.Release|ARM.ActiveCfg = Release|Any CPU
		{04FC0CDA-7FEF-45C1-AAB3-947F9F561BFC}.Release|ARM.Build.0 = Release|Any CPU
		{04FC0CDA-7FEF-45C1-AAB3-947F9F561BFC}.Release|x64.ActiveCfg = Release|Any CPU
		{04FC0CDA-7FEF-45C1-AAB3-947F9F561BFC}.Release|x64.Build.0 = Release|Any CPU
		{04FC0CDA-7FEF-45C1-AAB3-947F9F561BFC}.Release|x86.ActiveCfg = Release|Any CPU
		{04FC0CDA-7FEF-45C1-AAB3-947F9F561BFC}.Release|x86.Build.0 = Release|Any CPU
		{5590B2EF-D35C-47F5-B37C-610B5B07F6A7}.Debug|Any CPU.ActiveCfg = Debug|Any CPU
		{5590B2EF-D35C-47F5-B37C-610B5B07F6A7}.Debug|Any CPU.Build.0 = Debug|Any CPU
		{5590B2EF-D35C-47F5-B37C-610B5B07F6A7}.Debug|ARM.ActiveCfg = Debug|Any CPU
		{5590B2EF-D35C-47F5-B37C-610B5B07F6A7}.Debug|ARM.Build.0 = Debug|Any CPU
		{5590B2EF-D35C-47F5-B37C-610B5B07F6A7}.Debug|x64.ActiveCfg = Debug|Any CPU
		{5590B2EF-D35C-47F5-B37C-610B5B07F6A7}.Debug|x64.Build.0 = Debug|Any CPU
		{5590B2EF-D35C-47F5-B37C-610B5B07F6A7}.Debug|x86.ActiveCfg = Debug|Any CPU
		{5590B2EF-D35C-47F5-B37C-610B5B07F6A7}.Debug|x86.Build.0 = Debug|Any CPU
		{5590B2EF-D35C-47F5-B37C-610B5B07F6A7}.Release|Any CPU.ActiveCfg = Release|Any CPU
		{5590B2EF-D35C-47F5-B37C-610B5B07F6A7}.Release|Any CPU.Build.0 = Release|Any CPU
		{5590B2EF-D35C-47F5-B37C-610B5B07F6A7}.Release|ARM.ActiveCfg = Release|Any CPU
		{5590B2EF-D35C-47F5-B37C-610B5B07F6A7}.Release|ARM.Build.0 = Release|Any CPU
		{5590B2EF-D35C-47F5-B37C-610B5B07F6A7}.Release|x64.ActiveCfg = Release|Any CPU
		{5590B2EF-D35C-47F5-B37C-610B5B07F6A7}.Release|x64.Build.0 = Release|Any CPU
		{5590B2EF-D35C-47F5-B37C-610B5B07F6A7}.Release|x86.ActiveCfg = Release|Any CPU
		{5590B2EF-D35C-47F5-B37C-610B5B07F6A7}.Release|x86.Build.0 = Release|Any CPU
		{14A70266-40A2-4C57-91D8-08A57B664E4B}.Debug|Any CPU.ActiveCfg = Debug|Any CPU
		{14A70266-40A2-4C57-91D8-08A57B664E4B}.Debug|Any CPU.Build.0 = Debug|Any CPU
		{14A70266-40A2-4C57-91D8-08A57B664E4B}.Debug|ARM.ActiveCfg = Debug|Any CPU
		{14A70266-40A2-4C57-91D8-08A57B664E4B}.Debug|ARM.Build.0 = Debug|Any CPU
		{14A70266-40A2-4C57-91D8-08A57B664E4B}.Debug|x64.ActiveCfg = Debug|Any CPU
		{14A70266-40A2-4C57-91D8-08A57B664E4B}.Debug|x64.Build.0 = Debug|Any CPU
		{14A70266-40A2-4C57-91D8-08A57B664E4B}.Debug|x86.ActiveCfg = Debug|Any CPU
		{14A70266-40A2-4C57-91D8-08A57B664E4B}.Debug|x86.Build.0 = Debug|Any CPU
		{14A70266-40A2-4C57-91D8-08A57B664E4B}.Release|Any CPU.ActiveCfg = Release|Any CPU
		{14A70266-40A2-4C57-91D8-08A57B664E4B}.Release|Any CPU.Build.0 = Release|Any CPU
		{14A70266-40A2-4C57-91D8-08A57B664E4B}.Release|ARM.ActiveCfg = Release|Any CPU
		{14A70266-40A2-4C57-91D8-08A57B664E4B}.Release|ARM.Build.0 = Release|Any CPU
		{14A70266-40A2-4C57-91D8-08A57B664E4B}.Release|x64.ActiveCfg = Release|Any CPU
		{14A70266-40A2-4C57-91D8-08A57B664E4B}.Release|x64.Build.0 = Release|Any CPU
		{14A70266-40A2-4C57-91D8-08A57B664E4B}.Release|x86.ActiveCfg = Release|Any CPU
		{14A70266-40A2-4C57-91D8-08A57B664E4B}.Release|x86.Build.0 = Release|Any CPU
	EndGlobalSection
	GlobalSection(SolutionProperties) = preSolution
		HideSolutionNode = FALSE
	EndGlobalSection
	GlobalSection(ExtensibilityGlobals) = postSolution
		SolutionGuid = {7A290AF1-9CEA-48AE-B784-4E598AE5F7D2}
	EndGlobalSection
EndGlobal
